
Microsoft Visual Studio Solution File, Format Version 12.00
# Visual Studio Version 17
VisualStudioVersion = 17.2.32602.215
MinimumVisualStudioVersion = 10.0.40219.1
Project("{FAE04EC0-301F-11D3-BF4B-00C04F79EFBC}") = "TogiWebSite", "TogiWebSite\TogiWebSite.csproj", "{2C1BCCD1-4E4D-4A42-BA21-E28B08A300BE}"
EndProject
Global
	GlobalSection(SolutionConfigurationPlatforms) = preSolution
		Debug|Any CPU = Debug|Any CPU
		Release|Any CPU = Release|Any CPU
	EndGlobalSection
	GlobalSection(ProjectConfigurationPlatforms) = postSolution
		{2C1BCCD1-4E4D-4A42-BA21-E28B08A300BE}.Debug|Any CPU.ActiveCfg = Debug|Any CPU
		{2C1BCCD1-4E4D-4A42-BA21-E28B08A300BE}.Debug|Any CPU.Build.0 = Debug|Any CPU
		{2C1BCCD1-4E4D-4A42-BA21-E28B08A300BE}.Release|Any CPU.ActiveCfg = Release|Any CPU
		{2C1BCCD1-4E4D-4A42-BA21-E28B08A300BE}.Release|Any CPU.Build.0 = Release|Any CPU
	EndGlobalSection
	GlobalSection(SolutionProperties) = preSolution
		HideSolutionNode = FALSE
	EndGlobalSection
	GlobalSection(ExtensibilityGlobals) = postSolution
		SolutionGuid = {63AD0D56-6EB5-472B-AEF6-ADA51C09DD8A}
	EndGlobalSection
EndGlobal
